
Microsoft Visual Studio Solution File, Format Version 12.00
# Visual Studio Version 17
VisualStudioVersion = 17.11.35312.102
MinimumVisualStudioVersion = 10.0.40219.1
Project("{FAE04EC0-301F-11D3-BF4B-00C04F79EFBC}") = "Octopus.Release.Retention", "Octopus.Release.Retention\Octopus.Release.Retention.csproj", "{434B72AF-CFAD-460C-BBD2-4E20DD3D2852}"
EndProject
Project("{FAE04EC0-301F-11D3-BF4B-00C04F79EFBC}") = "Octopus.Release.Retention.Tests", "Octopus.Release.Retention.Tests\Octopus.Release.Retention.Tests.csproj", "{3C8BF032-308E-4C53-9486-04102FD03800}"
EndProject
Global
	GlobalSection(SolutionConfigurationPlatforms) = preSolution
		Debug|Any CPU = Debug|Any CPU
		Release|Any CPU = Release|Any CPU
	EndGlobalSection
	GlobalSection(ProjectConfigurationPlatforms) = postSolution
		{434B72AF-CFAD-460C-BBD2-4E20DD3D2852}.Debug|Any CPU.ActiveCfg = Debug|Any CPU
		{434B72AF-CFAD-460C-BBD2-4E20DD3D2852}.Debug|Any CPU.Build.0 = Debug|Any CPU
		{434B72AF-CFAD-460C-BBD2-4E20DD3D2852}.Release|Any CPU.ActiveCfg = Release|Any CPU
		{434B72AF-CFAD-460C-BBD2-4E20DD3D2852}.Release|Any CPU.Build.0 = Release|Any CPU
		{3C8BF032-308E-4C53-9486-04102FD03800}.Debug|Any CPU.ActiveCfg = Debug|Any CPU
		{3C8BF032-308E-4C53-9486-04102FD03800}.Debug|Any CPU.Build.0 = Debug|Any CPU
		{3C8BF032-308E-4C53-9486-04102FD03800}.Release|Any CPU.ActiveCfg = Release|Any CPU
		{3C8BF032-308E-4C53-9486-04102FD03800}.Release|Any CPU.Build.0 = Release|Any CPU
	EndGlobalSection
	GlobalSection(SolutionProperties) = preSolution
		HideSolutionNode = FALSE
	EndGlobalSection
	GlobalSection(ExtensibilityGlobals) = postSolution
		SolutionGuid = {9AF64EBF-51D7-415D-9468-7E64110CE3A4}
	EndGlobalSection
EndGlobal
